
Microsoft Visual Studio Solution File, Format Version 12.00
# Visual Studio Version 16
VisualStudioVersion = 16.0.29102.190
MinimumVisualStudioVersion = 10.0.40219.1
Project("{FAE04EC0-301F-11D3-BF4B-00C04F79EFBC}") = "Browser Web", "Browser Web\Browser Web.csproj", "{7DE7B675-6C5C-420F-8944-9367B85A3E39}"
EndProject
Global
	GlobalSection(SolutionConfigurationPlatforms) = preSolution
		Debug|Any CPU = Debug|Any CPU
		Release|Any CPU = Release|Any CPU
	EndGlobalSection
	GlobalSection(ProjectConfigurationPlatforms) = postSolution
		{7DE7B675-6C5C-420F-8944-9367B85A3E39}.Debug|Any CPU.ActiveCfg = Debug|Any CPU
		{7DE7B675-6C5C-420F-8944-9367B85A3E39}.Debug|Any CPU.Build.0 = Debug|Any CPU
		{7DE7B675-6C5C-420F-8944-9367B85A3E39}.Release|Any CPU.ActiveCfg = Release|Any CPU
		{7DE7B675-6C5C-420F-8944-9367B85A3E39}.Release|Any CPU.Build.0 = Release|Any CPU
	EndGlobalSection
	GlobalSection(SolutionProperties) = preSolution
		HideSolutionNode = FALSE
	EndGlobalSection
	GlobalSection(ExtensibilityGlobals) = postSolution
		SolutionGuid = {4FAAA90A-E2F6-46A4-81E2-50D3A350BD3E}
	EndGlobalSection
EndGlobal
